
Microsoft Visual Studio Solution File, Format Version 12.00
# Visual Studio Version 17
VisualStudioVersion = 17.5.33424.131
MinimumVisualStudioVersion = 10.0.40219.1
Project("{FAE04EC0-301F-11D3-BF4B-00C04F79EFBC}") = "JSONtoYAML-Converter-using-CSharp", "JSONtoYAML-Converter-using-CSharp\JSONtoYAML-Converter-using-CSharp.csproj", "{8F7123BA-5DBB-451C-B77B-A4FD916424B5}"
EndProject
Global
	GlobalSection(SolutionConfigurationPlatforms) = preSolution
		Debug|Any CPU = Debug|Any CPU
		Release|Any CPU = Release|Any CPU
	EndGlobalSection
	GlobalSection(ProjectConfigurationPlatforms) = postSolution
		{8F7123BA-5DBB-451C-B77B-A4FD916424B5}.Debug|Any CPU.ActiveCfg = Debug|Any CPU
		{8F7123BA-5DBB-451C-B77B-A4FD916424B5}.Debug|Any CPU.Build.0 = Debug|Any CPU
		{8F7123BA-5DBB-451C-B77B-A4FD916424B5}.Release|Any CPU.ActiveCfg = Release|Any CPU
		{8F7123BA-5DBB-451C-B77B-A4FD916424B5}.Release|Any CPU.Build.0 = Release|Any CPU
	EndGlobalSection
	GlobalSection(SolutionProperties) = preSolution
		HideSolutionNode = FALSE
	EndGlobalSection
	GlobalSection(ExtensibilityGlobals) = postSolution
		SolutionGuid = {076EAD53-D84E-4A09-B4CD-682544377184}
	EndGlobalSection
EndGlobal
